// !$*UTF8*$!
{
	archiveVersion = 1;
	classes = {
	};
	objectVersion = 46;
	objects = {

/* Begin PBXBuildFile section */
		0913E73E18926DA700BE3A25 /* Foundation.framework in Frameworks */ = {isa = PBXBuildFile; fileRef = 0913E73D18926DA700BE3A25 /* Foundation.framework */; };
		0913E74018926DA700BE3A25 /* CoreGraphics.framework in Frameworks */ = {isa = PBXBuildFile; fileRef = 0913E73F18926DA700BE3A25 /* CoreGraphics.framework */; };
		0913E74218926DA700BE3A25 /* UIKit.framework in Frameworks */ = {isa = PBXBuildFile; fileRef = 0913E74118926DA700BE3A25 /* UIKit.framework */; };
		0913E74818926DA700BE3A25 /* InfoPlist.strings in Resources */ = {isa = PBXBuildFile; fileRef = 0913E74618926DA700BE3A25 /* InfoPlist.strings */; };
		0913E74A18926DA700BE3A25 /* main.m in Sources */ = {isa = PBXBuildFile; fileRef = 0913E74918926DA700BE3A25 /* main.m */; };
		0913E74E18926DA700BE3A25 /* CardGameAppDelegate.m in Sources */ = {isa = PBXBuildFile; fileRef = 0913E74D18926DA700BE3A25 /* CardGameAppDelegate.m */; };
		0913E75118926DA700BE3A25 /* Main.storyboard in Resources */ = {isa = PBXBuildFile; fileRef = 0913E74F18926DA700BE3A25 /* Main.storyboard */; };
		0913E75418926DA700BE3A25 /* CardGameViewController.m in Sources */ = {isa = PBXBuildFile; fileRef = 0913E75318926DA700BE3A25 /* CardGameViewController.m */; };
		0913E75618926DA700BE3A25 /* Images.xcassets in Resources */ = {isa = PBXBuildFile; fileRef = 0913E75518926DA700BE3A25 /* Images.xcassets */; };
		0913E75D18926DA700BE3A25 /* XCTest.framework in Frameworks */ = {isa = PBXBuildFile; fileRef = 0913E75C18926DA700BE3A25 /* XCTest.framework */; };
		0913E75E18926DA700BE3A25 /* Foundation.framework in Frameworks */ = {isa = PBXBuildFile; fileRef = 0913E73D18926DA700BE3A25 /* Foundation.framework */; };
		0913E75F18926DA700BE3A25 /* UIKit.framework in Frameworks */ = {isa = PBXBuildFile; fileRef = 0913E74118926DA700BE3A25 /* UIKit.framework */; };
		0913E76718926DA700BE3A25 /* InfoPlist.strings in Resources */ = {isa = PBXBuildFile; fileRef = 0913E76518926DA700BE3A25 /* InfoPlist.strings */; };
		0913E76918926DA700BE3A25 /* MatchismoTests.m in Sources */ = {isa = PBXBuildFile; fileRef = 0913E76818926DA700BE3A25 /* MatchismoTests.m */; };
		0927E23E18F374A700932272 /* CardMatchingGame.m in Sources */ = {isa = PBXBuildFile; fileRef = 0927E23D18F374A700932272 /* CardMatchingGame.m */; };
		096428271903111100738FCD /* SetCard.m in Sources */ = {isa = PBXBuildFile; fileRef = 096428261903111100738FCD /* SetCard.m */; };
		0964282A1903112A00738FCD /* SetCardDeck.m in Sources */ = {isa = PBXBuildFile; fileRef = 096428291903112A00738FCD /* SetCardDeck.m */; };
		0964282D190311AC00738FCD /* SetCardGameViewController.m in Sources */ = {isa = PBXBuildFile; fileRef = 0964282C190311AC00738FCD /* SetCardGameViewController.m */; };
		0967EDD81903C1D700B475DC /* HistoryViewController.m in Sources */ = {isa = PBXBuildFile; fileRef = 0967EDD71903C1D700B475DC /* HistoryViewController.m */; };
		0967EDDB1903CE4500B475DC /* ScoresViewController.m in Sources */ = {isa = PBXBuildFile; fileRef = 0967EDDA1903CE4500B475DC /* ScoresViewController.m */; };
		0967EDDE1903D03E00B475DC /* GameResult.m in Sources */ = {isa = PBXBuildFile; fileRef = 0967EDDD1903D03E00B475DC /* GameResult.m */; };
		0967EDE1190474D400B475DC /* Gamesetting.m in Sources */ = {isa = PBXBuildFile; fileRef = 0967EDE0190474D400B475DC /* Gamesetting.m */; };
		0967EDE419047DAA00B475DC /* SettingsGameViewController.m in Sources */ = {isa = PBXBuildFile; fileRef = 0967EDE319047DAA00B475DC /* SettingsGameViewController.m */; };
		0987434218E35F3700A4FCB8 /* Card.m in Sources */ = {isa = PBXBuildFile; fileRef = 0987433B18E35F3700A4FCB8 /* Card.m */; };
		0987434318E35F3700A4FCB8 /* Deck.m in Sources */ = {isa = PBXBuildFile; fileRef = 0987433D18E35F3700A4FCB8 /* Deck.m */; };
		0987434418E35F3700A4FCB8 /* PlayingCard.m in Sources */ = {isa = PBXBuildFile; fileRef = 0987433F18E35F3700A4FCB8 /* PlayingCard.m */; };
		0987434518E35F3700A4FCB8 /* PlayingCardDeck.m in Sources */ = {isa = PBXBuildFile; fileRef = 0987434118E35F3700A4FCB8 /* PlayingCardDeck.m */; };
/* End PBXBuildFile section */

/* Begin PBXContainerItemProxy section */
		0913E76018926DA700BE3A25 /* PBXContainerItemProxy */ = {
			isa = PBXContainerItemProxy;
			containerPortal = 0913E73218926DA700BE3A25 /* Project object */;
			proxyType = 1;
			remoteGlobalIDString = 0913E73918926DA700BE3A25;
			remoteInfo = Matchismo;
		};
/* End PBXContainerItemProxy section */

/* Begin PBXFileReference section */
		0913E73A18926DA700BE3A25 /* Matchismo.app */ = {isa = PBXFileReference; explicitFileType = wrapper.application; includeInIndex = 0; path = Matchismo.app; sourceTree = BUILT_PRODUCTS_DIR; };
		0913E73D18926DA700BE3A25 /* Foundation.framework */ = {isa = PBXFileReference; lastKnownFileType = wrapper.framework; name = Foundation.framework; path = System/Library/Frameworks/Foundation.framework; sourceTree = SDKROOT; };
		0913E73F18926DA700BE3A25 /* CoreGraphics.framework */ = {isa = PBXFileReference; lastKnownFileType = wrapper.framework; name = CoreGraphics.framework; path = System/Library/Frameworks/CoreGraphics.framework; sourceTree = SDKROOT; };
		0913E74118926DA700BE3A25 /* UIKit.framework */ = {isa = PBXFileReference; lastKnownFileType = wrapper.framework; name = UIKit.framework; path = System/Library/Frameworks/UIKit.framework; sourceTree = SDKROOT; };
		0913E74518926DA700BE3A25 /* Matchismo-Info.plist */ = {isa = PBXFileReference; lastKnownFileType = text.plist.xml; path = "Matchismo-Info.plist"; sourceTree = "<group>"; };
		0913E74718926DA700BE3A25 /* en */ = {isa = PBXFileReference; lastKnownFileType = text.plist.strings; name = en; path = en.lproj/InfoPlist.strings; sourceTree = "<group>"; };
		0913E74918926DA700BE3A25 /* main.m */ = {isa = PBXFileReference; lastKnownFileType = sourcecode.c.objc; path = main.m; sourceTree = "<group>"; };
		0913E74B18926DA700BE3A25 /* Matchismo-Prefix.pch */ = {isa = PBXFileReference; lastKnownFileType = sourcecode.c.h; path = "Matchismo-Prefix.pch"; sourceTree = "<group>"; };
		0913E74C18926DA700BE3A25 /* CardGameAppDelegate.h */ = {isa = PBXFileReference; lastKnownFileType = sourcecode.c.h; path = CardGameAppDelegate.h; sourceTree = "<group>"; };
		0913E74D18926DA700BE3A25 /* CardGameAppDelegate.m */ = {isa = PBXFileReference; lastKnownFileType = sourcecode.c.objc; path = CardGameAppDelegate.m; sourceTree = "<group>"; };
		0913E75018926DA700BE3A25 /* Base */ = {isa = PBXFileReference; lastKnownFileType = file.storyboard; name = Base; path = Base.lproj/Main.storyboard; sourceTree = "<group>"; };
		0913E75218926DA700BE3A25 /* CardGameViewController.h */ = {isa = PBXFileReference; lastKnownFileType = sourcecode.c.h; path = CardGameViewController.h; sourceTree = "<group>"; };
		0913E75318926DA700BE3A25 /* CardGameViewController.m */ = {isa = PBXFileReference; lastKnownFileType = sourcecode.c.objc; path = CardGameViewController.m; sourceTree = "<group>"; };
		0913E75518926DA700BE3A25 /* Images.xcassets */ = {isa = PBXFileReference; lastKnownFileType = folder.assetcatalog; path = Images.xcassets; sourceTree = "<group>"; };
		0913E75B18926DA700BE3A25 /* MatchismoTests.xctest */ = {isa = PBXFileReference; explicitFileType = wrapper.cfbundle; includeInIndex = 0; path = MatchismoTests.xctest; sourceTree = BUILT_PRODUCTS_DIR; };
		0913E75C18926DA700BE3A25 /* XCTest.framework */ = {isa = PBXFileReference; lastKnownFileType = wrapper.framework; name = XCTest.framework; path = Library/Frameworks/XCTest.framework; sourceTree = DEVELOPER_DIR; };
		0913E76418926DA700BE3A25 /* MatchismoTests-Info.plist */ = {isa = PBXFileReference; lastKnownFileType = text.plist.xml; path = "MatchismoTests-Info.plist"; sourceTree = "<group>"; };
		0913E76618926DA700BE3A25 /* en */ = {isa = PBXFileReference; lastKnownFileType = text.plist.strings; name = en; path = en.lproj/InfoPlist.strings; sourceTree = "<group>"; };
		0913E76818926DA700BE3A25 /* MatchismoTests.m */ = {isa = PBXFileReference; lastKnownFileType = sourcecode.c.objc; path = MatchismoTests.m; sourceTree = "<group>"; };
		0927E23C18F374A700932272 /* CardMatchingGame.h */ = {isa = PBXFileReference; fileEncoding = 4; lastKnownFileType = sourcecode.c.h; path = CardMatchingGame.h; sourceTree = "<group>"; };
		0927E23D18F374A700932272 /* CardMatchingGame.m */ = {isa = PBXFileReference; fileEncoding = 4; lastKnownFileType = sourcecode.c.objc; path = CardMatchingGame.m; sourceTree = "<group>"; };
		096428251903111100738FCD /* SetCard.h */ = {isa = PBXFileReference; fileEncoding = 4; lastKnownFileType = sourcecode.c.h; name = SetCard.h; path = Model/SetCard.h; sourceTree = "<group>"; };
		096428261903111100738FCD /* SetCard.m */ = {isa = PBXFileReference; fileEncoding = 4; lastKnownFileType = sourcecode.c.objc; name = SetCard.m; path = Model/SetCard.m; sourceTree = "<group>"; };
		096428281903112A00738FCD /* SetCardDeck.h */ = {isa = PBXFileReference; fileEncoding = 4; lastKnownFileType = sourcecode.c.h; name = SetCardDeck.h; path = Model/SetCardDeck.h; sourceTree = "<group>"; };
		096428291903112A00738FCD /* SetCardDeck.m */ = {isa = PBXFileReference; fileEncoding = 4; lastKnownFileType = sourcecode.c.objc; name = SetCardDeck.m; path = Model/SetCardDeck.m; sourceTree = "<group>"; };
		0964282B190311AC00738FCD /* SetCardGameViewController.h */ = {isa = PBXFileReference; fileEncoding = 4; lastKnownFileType = sourcecode.c.h; path = SetCardGameViewController.h; sourceTree = "<group>"; };
		0964282C190311AC00738FCD /* SetCardGameViewController.m */ = {isa = PBXFileReference; fileEncoding = 4; lastKnownFileType = sourcecode.c.objc; path = SetCardGameViewController.m; sourceTree = "<group>"; };
		0967EDD61903C1D700B475DC /* HistoryViewController.h */ = {isa = PBXFileReference; fileEncoding = 4; lastKnownFileType = sourcecode.c.h; path = HistoryViewController.h; sourceTree = "<group>"; };
		0967EDD71903C1D700B475DC /* HistoryViewController.m */ = {isa = PBXFileReference; fileEncoding = 4; lastKnownFileType = sourcecode.c.objc; path = HistoryViewController.m; sourceTree = "<group>"; };
		0967EDD91903CE4500B475DC /* ScoresViewController.h */ = {isa = PBXFileReference; fileEncoding = 4; lastKnownFileType = sourcecode.c.h; path = ScoresViewController.h; sourceTree = "<group>"; };
		0967EDDA1903CE4500B475DC /* ScoresViewController.m */ = {isa = PBXFileReference; fileEncoding = 4; lastKnownFileType = sourcecode.c.objc; path = ScoresViewController.m; sourceTree = "<group>"; };
		0967EDDC1903D03E00B475DC /* GameResult.h */ = {isa = PBXFileReference; fileEncoding = 4; lastKnownFileType = sourcecode.c.h; name = GameResult.h; path = Model/GameResult.h; sourceTree = "<group>"; };
		0967EDDD1903D03E00B475DC /* GameResult.m */ = {isa = PBXFileReference; fileEncoding = 4; lastKnownFileType = sourcecode.c.objc; name = GameResult.m; path = Model/GameResult.m; sourceTree = "<group>"; };
		0967EDDF190474D400B475DC /* Gamesetting.h */ = {isa = PBXFileReference; fileEncoding = 4; lastKnownFileType = sourcecode.c.h; name = Gamesetting.h; path = Model/Gamesetting.h; sourceTree = "<group>"; };
		0967EDE0190474D400B475DC /* Gamesetting.m */ = {isa = PBXFileReference; fileEncoding = 4; lastKnownFileType = sourcecode.c.objc; name = Gamesetting.m; path = Model/Gamesetting.m; sourceTree = "<group>"; };
		0967EDE219047DAA00B475DC /* SettingsGameViewController.h */ = {isa = PBXFileReference; fileEncoding = 4; lastKnownFileType = sourcecode.c.h; path = SettingsGameViewController.h; sourceTree = "<group>"; };
		0967EDE319047DAA00B475DC /* SettingsGameViewController.m */ = {isa = PBXFileReference; fileEncoding = 4; lastKnownFileType = sourcecode.c.objc; path = SettingsGameViewController.m; sourceTree = "<group>"; };
		0987433A18E35F3700A4FCB8 /* Card.h */ = {isa = PBXFileReference; fileEncoding = 4; lastKnownFileType = sourcecode.c.h; name = Card.h; path = Model/Card.h; sourceTree = "<group>"; };
		0987433B18E35F3700A4FCB8 /* Card.m */ = {isa = PBXFileReference; fileEncoding = 4; lastKnownFileType = sourcecode.c.objc; name = Card.m; path = Model/Card.m; sourceTree = "<group>"; };
		0987433C18E35F3700A4FCB8 /* Deck.h */ = {isa = PBXFileReference; fileEncoding = 4; lastKnownFileType = sourcecode.c.h; name = Deck.h; path = Model/Deck.h; sourceTree = "<group>"; };
		0987433D18E35F3700A4FCB8 /* Deck.m */ = {isa = PBXFileReference; fileEncoding = 4; lastKnownFileType = sourcecode.c.objc; name = Deck.m; path = Model/Deck.m; sourceTree = "<group>"; };
		0987433E18E35F3700A4FCB8 /* PlayingCard.h */ = {isa = PBXFileReference; fileEncoding = 4; lastKnownFileType = sourcecode.c.h; name = PlayingCard.h; path = Model/PlayingCard.h; sourceTree = "<group>"; };
		0987433F18E35F3700A4FCB8 /* PlayingCard.m */ = {isa = PBXFileReference; fileEncoding = 4; lastKnownFileType = sourcecode.c.objc; name = PlayingCard.m; path = Model/PlayingCard.m; sourceTree = "<group>"; };
		0987434018E35F3700A4FCB8 /* PlayingCardDeck.h */ = {isa = PBXFileReference; fileEncoding = 4; lastKnownFileType = sourcecode.c.h; name = PlayingCardDeck.h; path = Model/PlayingCardDeck.h; sourceTree = "<group>"; };
		0987434118E35F3700A4FCB8 /* PlayingCardDeck.m */ = {isa = PBXFileReference; fileEncoding = 4; lastKnownFileType = sourcecode.c.objc; name = PlayingCardDeck.m; path = Model/PlayingCardDeck.m; sourceTree = "<group>"; };
/* End PBXFileReference section */

/* Begin PBXFrameworksBuildPhase section */
		0913E73718926DA700BE3A25 /* Frameworks */ = {
			isa = PBXFrameworksBuildPhase;
			buildActionMask = 2147483647;
			files = (
				0913E74018926DA700BE3A25 /* CoreGraphics.framework in Frameworks */,
				0913E74218926DA700BE3A25 /* UIKit.framework in Frameworks */,
				0913E73E18926DA700BE3A25 /* Foundation.framework in Frameworks */,
			);
			runOnlyForDeploymentPostprocessing = 0;
		};
		0913E75818926DA700BE3A25 /* Frameworks */ = {
			isa = PBXFrameworksBuildPhase;
			buildActionMask = 2147483647;
			files = (
				0913E75D18926DA700BE3A25 /* XCTest.framework in Frameworks */,
				0913E75F18926DA700BE3A25 /* UIKit.framework in Frameworks */,
				0913E75E18926DA700BE3A25 /* Foundation.framework in Frameworks */,
			);
			runOnlyForDeploymentPostprocessing = 0;
		};
/* End PBXFrameworksBuildPhase section */

/* Begin PBXGroup section */
		0913E73118926DA700BE3A25 = {
			isa = PBXGroup;
			children = (
				0913E74318926DA700BE3A25 /* Matchismo */,
				0913E76218926DA700BE3A25 /* MatchismoTests */,
				0913E73C18926DA700BE3A25 /* Frameworks */,
				0913E73B18926DA700BE3A25 /* Products */,
			);
			sourceTree = "<group>";
		};
		0913E73B18926DA700BE3A25 /* Products */ = {
			isa = PBXGroup;
			children = (
				0913E73A18926DA700BE3A25 /* Matchismo.app */,
				0913E75B18926DA700BE3A25 /* MatchismoTests.xctest */,
			);
			name = Products;
			sourceTree = "<group>";
		};
		0913E73C18926DA700BE3A25 /* Frameworks */ = {
			isa = PBXGroup;
			children = (
				0913E73D18926DA700BE3A25 /* Foundation.framework */,
				0913E73F18926DA700BE3A25 /* CoreGraphics.framework */,
				0913E74118926DA700BE3A25 /* UIKit.framework */,
				0913E75C18926DA700BE3A25 /* XCTest.framework */,
			);
			name = Frameworks;
			sourceTree = "<group>";
		};
		0913E74318926DA700BE3A25 /* Matchismo */ = {
			isa = PBXGroup;
			children = (
				0913E74F18926DA700BE3A25 /* Main.storyboard */,
				0913E75218926DA700BE3A25 /* CardGameViewController.h */,
				0913E75318926DA700BE3A25 /* CardGameViewController.m */,
				0964282B190311AC00738FCD /* SetCardGameViewController.h */,
				0964282C190311AC00738FCD /* SetCardGameViewController.m */,
				0967EDD61903C1D700B475DC /* HistoryViewController.h */,
				0967EDD71903C1D700B475DC /* HistoryViewController.m */,
				0967EDD91903CE4500B475DC /* ScoresViewController.h */,
				0967EDDA1903CE4500B475DC /* ScoresViewController.m */,
				0967EDE219047DAA00B475DC /* SettingsGameViewController.h */,
				0967EDE319047DAA00B475DC /* SettingsGameViewController.m */,
				0987433918E35DC700A4FCB8 /* Model */,
				0913E75518926DA700BE3A25 /* Images.xcassets */,
				0913E74418926DA700BE3A25 /* Supporting Files */,
			);
			path = Matchismo;
			sourceTree = "<group>";
		};
		0913E74418926DA700BE3A25 /* Supporting Files */ = {
			isa = PBXGroup;
			children = (
				0913E74C18926DA700BE3A25 /* CardGameAppDelegate.h */,
				0913E74D18926DA700BE3A25 /* CardGameAppDelegate.m */,
				0913E74518926DA700BE3A25 /* Matchismo-Info.plist */,
				0913E74618926DA700BE3A25 /* InfoPlist.strings */,
				0913E74918926DA700BE3A25 /* main.m */,
				0913E74B18926DA700BE3A25 /* Matchismo-Prefix.pch */,
			);
			name = "Supporting Files";
			sourceTree = "<group>";
		};
		0913E76218926DA700BE3A25 /* MatchismoTests */ = {
			isa = PBXGroup;
			children = (
				0913E76818926DA700BE3A25 /* MatchismoTests.m */,
				0913E76318926DA700BE3A25 /* Supporting Files */,
			);
			path = MatchismoTests;
			sourceTree = "<group>";
		};
		0913E76318926DA700BE3A25 /* Supporting Files */ = {
			isa = PBXGroup;
			children = (
				0913E76418926DA700BE3A25 /* MatchismoTests-Info.plist */,
				0913E76518926DA700BE3A25 /* InfoPlist.strings */,
			);
			name = "Supporting Files";
			sourceTree = "<group>";
		};
		0987433918E35DC700A4FCB8 /* Model */ = {
			isa = PBXGroup;
			children = (
				0927E23C18F374A700932272 /* CardMatchingGame.h */,
				0927E23D18F374A700932272 /* CardMatchingGame.m */,
				0987433A18E35F3700A4FCB8 /* Card.h */,
				0987433B18E35F3700A4FCB8 /* Card.m */,
				0987433C18E35F3700A4FCB8 /* Deck.h */,
				0987433D18E35F3700A4FCB8 /* Deck.m */,
				0987433E18E35F3700A4FCB8 /* PlayingCard.h */,
				0987433F18E35F3700A4FCB8 /* PlayingCard.m */,
				0987434018E35F3700A4FCB8 /* PlayingCardDeck.h */,
				0987434118E35F3700A4FCB8 /* PlayingCardDeck.m */,
				096428251903111100738FCD /* SetCard.h */,
				096428261903111100738FCD /* SetCard.m */,
				096428281903112A00738FCD /* SetCardDeck.h */,
				096428291903112A00738FCD /* SetCardDeck.m */,
				0967EDDC1903D03E00B475DC /* GameResult.h */,
				0967EDDD1903D03E00B475DC /* GameResult.m */,
				0967EDDF190474D400B475DC /* Gamesetting.h */,
				0967EDE0190474D400B475DC /* Gamesetting.m */,
			);
			name = Model;
			sourceTree = "<group>";
		};
/* End PBXGroup section */

/* Begin PBXNativeTarget section */
		0913E73918926DA700BE3A25 /* Matchismo */ = {
			isa = PBXNativeTarget;
			buildConfigurationList = 0913E76C18926DA700BE3A25 /* Build configuration list for PBXNativeTarget "Matchismo" */;
			buildPhases = (
				0913E73618926DA700BE3A25 /* Sources */,
				0913E73718926DA700BE3A25 /* Frameworks */,
				0913E73818926DA700BE3A25 /* Resources */,
			);
			buildRules = (
			);
			dependencies = (
			);
			name = Matchismo;
			productName = Matchismo;
			productReference = 0913E73A18926DA700BE3A25 /* Matchismo.app */;
			productType = "com.apple.product-type.application";
		};
		0913E75A18926DA700BE3A25 /* MatchismoTests */ = {
			isa = PBXNativeTarget;
			buildConfigurationList = 0913E76F18926DA700BE3A25 /* Build configuration list for PBXNativeTarget "MatchismoTests" */;
			buildPhases = (
				0913E75718926DA700BE3A25 /* Sources */,
				0913E75818926DA700BE3A25 /* Frameworks */,
				0913E75918926DA700BE3A25 /* Resources */,
			);
			buildRules = (
			);
			dependencies = (
				0913E76118926DA700BE3A25 /* PBXTargetDependency */,
			);
			name = MatchismoTests;
			productName = MatchismoTests;
			productReference = 0913E75B18926DA700BE3A25 /* MatchismoTests.xctest */;
			productType = "com.apple.product-type.bundle.unit-test";
		};
/* End PBXNativeTarget section */

/* Begin PBXProject section */
		0913E73218926DA700BE3A25 /* Project object */ = {
			isa = PBXProject;
			attributes = {
				CLASSPREFIX = CardGame;
				LastUpgradeCheck = 0510;
				ORGANIZATIONNAME = "dac duy nguyen";
				TargetAttributes = {
					0913E73918926DA700BE3A25 = {
						DevelopmentTeam = B2J8KBBWHA;
					};
					0913E75A18926DA700BE3A25 = {
						TestTargetID = 0913E73918926DA700BE3A25;
					};
				};
			};
			buildConfigurationList = 0913E73518926DA700BE3A25 /* Build configuration list for PBXProject "Matchismo" */;
			compatibilityVersion = "Xcode 3.2";
			developmentRegion = English;
			hasScannedForEncodings = 0;
			knownRegions = (
				en,
				Base,
			);
			mainGroup = 0913E73118926DA700BE3A25;
			productRefGroup = 0913E73B18926DA700BE3A25 /* Products */;
			projectDirPath = "";
			projectRoot = "";
			targets = (
				0913E73918926DA700BE3A25 /* Matchismo */,
				0913E75A18926DA700BE3A25 /* MatchismoTests */,
			);
		};
/* End PBXProject section */

/* Begin PBXResourcesBuildPhase section */
		0913E73818926DA700BE3A25 /* Resources */ = {
			isa = PBXResourcesBuildPhase;
			buildActionMask = 2147483647;
			files = (
				0913E75618926DA700BE3A25 /* Images.xcassets in Resources */,
				0913E74818926DA700BE3A25 /* InfoPlist.strings in Resources */,
				0913E75118926DA700BE3A25 /* Main.storyboard in Resources */,
			);
			runOnlyForDeploymentPostprocessing = 0;
		};
		0913E75918926DA700BE3A25 /* Resources */ = {
			isa = PBXResourcesBuildPhase;
			buildActionMask = 2147483647;
			files = (
				0913E76718926DA700BE3A25 /* InfoPlist.strings in Resources */,
			);
			runOnlyForDeploymentPostprocessing = 0;
		};
/* End PBXResourcesBuildPhase section */

/* Begin PBXSourcesBuildPhase section */
		0913E73618926DA700BE3A25 /* Sources */ = {
			isa = PBXSourcesBuildPhase;
			buildActionMask = 2147483647;
			files = (
				0987434218E35F3700A4FCB8 /* Card.m in Sources */,
				0967EDE419047DAA00B475DC /* SettingsGameViewController.m in Sources */,
				0987434518E35F3700A4FCB8 /* PlayingCardDeck.m in Sources */,
				0967EDDE1903D03E00B475DC /* GameResult.m in Sources */,
				0913E74E18926DA700BE3A25 /* CardGameAppDelegate.m in Sources */,
				0987434418E35F3700A4FCB8 /* PlayingCard.m in Sources */,
				0927E23E18F374A700932272 /* CardMatchingGame.m in Sources */,
				0964282A1903112A00738FCD /* SetCardDeck.m in Sources */,
				0964282D190311AC00738FCD /* SetCardGameViewController.m in Sources */,
				0913E75418926DA700BE3A25 /* CardGameViewController.m in Sources */,
				0913E74A18926DA700BE3A25 /* main.m in Sources */,
				0987434318E35F3700A4FCB8 /* Deck.m in Sources */,
				096428271903111100738FCD /* SetCard.m in Sources */,
				0967EDDB1903CE4500B475DC /* ScoresViewController.m in Sources */,
				0967EDD81903C1D700B475DC /* HistoryViewController.m in Sources */,
				0967EDE1190474D400B475DC /* Gamesetting.m in Sources */,
			);
			runOnlyForDeploymentPostprocessing = 0;
		};
		0913E75718926DA700BE3A25 /* Sources */ = {
			isa = PBXSourcesBuildPhase;
			buildActionMask = 2147483647;
			files = (
				0913E76918926DA700BE3A25 /* MatchismoTests.m in Sources */,
			);
			runOnlyForDeploymentPostprocessing = 0;
		};
/* End PBXSourcesBuildPhase section */

/* Begin PBXTargetDependency section */
		0913E76118926DA700BE3A25 /* PBXTargetDependency */ = {
			isa = PBXTargetDependency;
			target = 0913E73918926DA700BE3A25 /* Matchismo */;
			targetProxy = 0913E76018926DA700BE3A25 /* PBXContainerItemProxy */;
		};
/* End PBXTargetDependency section */

/* Begin PBXVariantGroup section */
		0913E74618926DA700BE3A25 /* InfoPlist.strings */ = {
			isa = PBXVariantGroup;
			children = (
				0913E74718926DA700BE3A25 /* en */,
			);
			name = InfoPlist.strings;
			sourceTree = "<group>";
		};
		0913E74F18926DA700BE3A25 /* Main.storyboard */ = {
			isa = PBXVariantGroup;
			children = (
				0913E75018926DA700BE3A25 /* Base */,
			);
			name = Main.storyboard;
			sourceTree = "<group>";
		};
		0913E76518926DA700BE3A25 /* InfoPlist.strings */ = {
			isa = PBXVariantGroup;
			children = (
				0913E76618926DA700BE3A25 /* en */,
			);
			name = InfoPlist.strings;
			sourceTree = "<group>";
		};
/* End PBXVariantGroup section */

/* Begin XCBuildConfiguration section */
		0913E76A18926DA700BE3A25 /* Debug */ = {
			isa = XCBuildConfiguration;
			buildSettings = {
				ALWAYS_SEARCH_USER_PATHS = NO;
				CLANG_CXX_LANGUAGE_STANDARD = "gnu++0x";
				CLANG_CXX_LIBRARY = "libc++";
				CLANG_ENABLE_MODULES = YES;
				CLANG_ENABLE_OBJC_ARC = YES;
				CLANG_WARN_BOOL_CONVERSION = YES;
				CLANG_WARN_CONSTANT_CONVERSION = YES;
				CLANG_WARN_DIRECT_OBJC_ISA_USAGE = YES_ERROR;
				CLANG_WARN_EMPTY_BODY = YES;
				CLANG_WARN_ENUM_CONVERSION = YES;
				CLANG_WARN_INT_CONVERSION = YES;
				CLANG_WARN_OBJC_ROOT_CLASS = YES_ERROR;
				CLANG_WARN__DUPLICATE_METHOD_MATCH = YES;
				"CODE_SIGN_IDENTITY[sdk=iphoneos*]" = "iPhone Developer";
				COPY_PHASE_STRIP = NO;
				GCC_C_LANGUAGE_STANDARD = gnu99;
				GCC_DYNAMIC_NO_PIC = NO;
				GCC_OPTIMIZATION_LEVEL = 0;
				GCC_PREPROCESSOR_DEFINITIONS = (
					"DEBUG=1",
					"$(inherited)",
				);
				GCC_SYMBOLS_PRIVATE_EXTERN = NO;
				GCC_WARN_64_TO_32_BIT_CONVERSION = YES;
				GCC_WARN_ABOUT_RETURN_TYPE = YES_ERROR;
				GCC_WARN_UNDECLARED_SELECTOR = YES;
				GCC_WARN_UNINITIALIZED_AUTOS = YES;
				GCC_WARN_UNUSED_FUNCTION = YES;
				GCC_WARN_UNUSED_VARIABLE = YES;
				IPHONEOS_DEPLOYMENT_TARGET = 7.0;
				ONLY_ACTIVE_ARCH = YES;
				SDKROOT = iphoneos;
			};
			name = Debug;
		};
		0913E76B18926DA700BE3A25 /* Release */ = {
			isa = XCBuildConfiguration;
			buildSettings = {
				ALWAYS_SEARCH_USER_PATHS = NO;
				CLANG_CXX_LANGUAGE_STANDARD = "gnu++0x";
				CLANG_CXX_LIBRARY = "libc++";
				CLANG_ENABLE_MODULES = YES;
				CLANG_ENABLE_OBJC_ARC = YES;
				CLANG_WARN_BOOL_CONVERSION = YES;
				CLANG_WARN_CONSTANT_CONVERSION = YES;
				CLANG_WARN_DIRECT_OBJC_ISA_USAGE = YES_ERROR;
				CLANG_WARN_EMPTY_BODY = YES;
				CLANG_WARN_ENUM_CONVERSION = YES;
				CLANG_WARN_INT_CONVERSION = YES;
				CLANG_WARN_OBJC_ROOT_CLASS = YES_ERROR;
				CLANG_WARN__DUPLICATE_METHOD_MATCH = YES;
				"CODE_SIGN_IDENTITY[sdk=iphoneos*]" = "iPhone Developer";
				COPY_PHASE_STRIP = YES;
				ENABLE_NS_ASSERTIONS = NO;
				GCC_C_LANGUAGE_STANDARD = gnu99;
				GCC_WARN_64_TO_32_BIT_CONVERSION = YES;
				GCC_WARN_ABOUT_RETURN_TYPE = YES_ERROR;
				GCC_WARN_UNDECLARED_SELECTOR = YES;
				GCC_WARN_UNINITIALIZED_AUTOS = YES;
				GCC_WARN_UNUSED_FUNCTION = YES;
				GCC_WARN_UNUSED_VARIABLE = YES;
				IPHONEOS_DEPLOYMENT_TARGET = 7.0;
				SDKROOT = iphoneos;
				VALIDATE_PRODUCT = YES;
			};
			name = Release;
		};
		0913E76D18926DA700BE3A25 /* Debug */ = {
			isa = XCBuildConfiguration;
			buildSettings = {
				ASSETCATALOG_COMPILER_APPICON_NAME = AppIcon;
				ASSETCATALOG_COMPILER_LAUNCHIMAGE_NAME = LaunchImage;
				CODE_SIGN_IDENTITY = "iPhone Developer";
				"CODE_SIGN_IDENTITY[sdk=iphoneos*]" = "iPhone Developer";
				GCC_PRECOMPILE_PREFIX_HEADER = YES;
				GCC_PREFIX_HEADER = "Matchismo/Matchismo-Prefix.pch";
				INFOPLIST_FILE = "Matchismo/Matchismo-Info.plist";
				PRODUCT_NAME = "$(TARGET_NAME)";
				PROVISIONING_PROFILE = "";
				WRAPPER_EXTENSION = app;
			};
			name = Debug;
		};
		0913E76E18926DA700BE3A25 /* Release */ = {
			isa = XCBuildConfiguration;
			buildSettings = {
				ASSETCATALOG_COMPILER_APPICON_NAME = AppIcon;
				ASSETCATALOG_COMPILER_LAUNCHIMAGE_NAME = LaunchImage;
				CODE_SIGN_IDENTITY = "iPhone Developer";
				"CODE_SIGN_IDENTITY[sdk=iphoneos*]" = "iPhone Developer";
				GCC_PRECOMPILE_PREFIX_HEADER = YES;
				GCC_PREFIX_HEADER = "Matchismo/Matchismo-Prefix.pch";
				INFOPLIST_FILE = "Matchismo/Matchismo-Info.plist";
				PRODUCT_NAME = "$(TARGET_NAME)";
				PROVISIONING_PROFILE = "";
				WRAPPER_EXTENSION = app;
			};
			name = Release;
		};
		0913E77018926DA700BE3A25 /* Debug */ = {
			isa = XCBuildConfiguration;
			buildSettings = {
				BUNDLE_LOADER = "$(BUILT_PRODUCTS_DIR)/Matchismo.app/Matchismo";
				FRAMEWORK_SEARCH_PATHS = (
					"$(SDKROOT)/Developer/Library/Frameworks",
					"$(inherited)",
					"$(DEVELOPER_FRAMEWORKS_DIR)",
				);
				GCC_PRECOMPILE_PREFIX_HEADER = YES;
				GCC_PREFIX_HEADER = "Matchismo/Matchismo-Prefix.pch";
				GCC_PREPROCESSOR_DEFINITIONS = (
					"DEBUG=1",
					"$(inherited)",
				);
				INFOPLIST_FILE = "MatchismoTests/MatchismoTests-Info.plist";
				PRODUCT_NAME = "$(TARGET_NAME)";
				TEST_HOST = "$(BUNDLE_LOADER)";
				WRAPPER_EXTENSION = xctest;
			};
			name = Debug;
		};
		0913E77118926DA700BE3A25 /* Release */ = {
			isa = XCBuildConfiguration;
			buildSettings = {
				BUNDLE_LOADER = "$(BUILT_PRODUCTS_DIR)/Matchismo.app/Matchismo";
				FRAMEWORK_SEARCH_PATHS = (
					"$(SDKROOT)/Developer/Library/Frameworks",
					"$(inherited)",
					"$(DEVELOPER_FRAMEWORKS_DIR)",
				);
				GCC_PRECOMPILE_PREFIX_HEADER = YES;
				GCC_PREFIX_HEADER = "Matchismo/Matchismo-Prefix.pch";
				INFOPLIST_FILE = "MatchismoTests/MatchismoTests-Info.plist";
				PRODUCT_NAME = "$(TARGET_NAME)";
				TEST_HOST = "$(BUNDLE_LOADER)";
				WRAPPER_EXTENSION = xctest;
			};
			name = Release;
		};
/* End XCBuildConfiguration section */

/* Begin XCConfigurationList section */
		0913E73518926DA700BE3A25 /* Build configuration list for PBXProject "Matchismo" */ = {
			isa = XCConfigurationList;
			buildConfigurations = (
				0913E76A18926DA700BE3A25 /* Debug */,
				0913E76B18926DA700BE3A25 /* Release */,
			);
			defaultConfigurationIsVisible = 0;
			defaultConfigurationName = Release;
		};
		0913E76C18926DA700BE3A25 /* Build configuration list for PBXNativeTarget "Matchismo" */ = {
			isa = XCConfigurationList;
			buildConfigurations = (
				0913E76D18926DA700BE3A25 /* Debug */,
				0913E76E18926DA700BE3A25 /* Release */,
			);
			defaultConfigurationIsVisible = 0;
			defaultConfigurationName = Release;
		};
		0913E76F18926DA700BE3A25 /* Build configuration list for PBXNativeTarget "MatchismoTests" */ = {
			isa = XCConfigurationList;
			buildConfigurations = (
				0913E77018926DA700BE3A25 /* Debug */,
				0913E77118926DA700BE3A25 /* Release */,
			);
			defaultConfigurationIsVisible = 0;
			defaultConfigurationName = Release;
		};
/* End XCConfigurationList section */
	};
	rootObject = 0913E73218926DA700BE3A25 /* Project object */;
}
